{
  "requires": true,
  "lockfileVersion": 1,
  "dependencies": {
    "tabris": {
      "version": "3.2.0-dev.20190910",
      "resolved": "https://registry.npmjs.org/tabris/-/tabris-3.2.0-dev.20190910.tgz",
      "integrity": "sha512-mVsbFkN6pEZDU4Xtzq2Fd5JDOZVAWmJ/1nJ6sdkLEkuyJWSodXN+8wl6GP7qfsW8nBam7tHQNRVOfjQwhoMg1g=="
    }
  }
}
